{
  "version": 4,
  "terraform_version": "0.13.2",
  "serial": 190,
  "lineage": "18acffd7-ed6e-a8a8-45d1-4d3c16c96bde",
  "outputs": {
    "external_ip_address_k8s": {
      "value": [
        "51.250.64.5",
        "62.84.114.97",
        "51.250.80.66"
      ],
      "type": [
        "tuple",
        [
          "string",
          "string",
          "string"
        ]
      ]
    }
  },
  "resources": [
    {
      "mode": "data",
      "type": "yandex_compute_image",
      "name": "ubuntu-image",
      "provider": "provider[\"registry.terraform.io/yandex-cloud/yandex\"]",
      "instances": [
        {
          "schema_version": 0,
          "attributes": {
            "created_at": "2022-08-22T10:46:20Z",
            "description": "ubuntu 20.04 lts",
            "family": "ubuntu-2004-lts",
            "folder_id": "standard-images",
            "id": "fd8kdq6d0p8sij7h5qe3",
            "image_id": "fd8kdq6d0p8sij7h5qe3",
            "labels": {},
            "min_disk_size": 5,
            "name": "ubuntu-20-04-lts-v20220822",
            "os_type": "linux",
            "pooled": true,
            "product_ids": [
              "f2er5d1rpg1psq16o2gc"
            ],
            "size": 4,
            "status": "ready"
          }
        }
      ]
    },
    {
      "mode": "managed",
      "type": "yandex_compute_instance",
      "name": "k8s",
      "provider": "provider[\"registry.terraform.io/yandex-cloud/yandex\"]",
      "instances": [
        {
          "index_key": 0,
          "schema_version": 1,
          "attributes": {
            "allow_recreate": null,
            "allow_stopping_for_update": null,
            "boot_disk": [
              {
                "auto_delete": true,
                "device_name": "fhmma1u4s1u4n752e42l",
                "disk_id": "fhmma1u4s1u4n752e42l",
                "initialize_params": [
                  {
                    "block_size": 4096,
                    "description": "",
                    "image_id": "fd8kdq6d0p8sij7h5qe3",
                    "name": "",
                    "size": 40,
                    "snapshot_id": "",
                    "type": "network-ssd"
                  }
                ],
                "mode": "READ_WRITE"
              }
            ],
            "created_at": "2022-10-20T18:04:57Z",
            "description": "",
            "folder_id": "b1gredog3lnp4c6m5gdr",
            "fqdn": "k8s-0.ru-central1.internal",
            "hostname": "k8s-0",
            "id": "fhmctq1pljureigvg9g1",
            "labels": null,
            "local_disk": [],
            "metadata": {
              "ssh-keys": "kuber:ssh-rsa AAAAB3NzaC1yc2EAAAADAQABAAABAQDM7CqWCc9Hc1esWXCBqxDEfjRkUzPs72PjfeDnPwv5G1iKYZnSspuNJFt0kBd9MT8RHCDvV/75AC7O/Uu075P+ErbyOsgn5qbYN41W/4JGwI7+1xyoqVPKBefx0+daGo9CmWtaOFak8Vd8I3GypIrcjWnQny4as4KSWbzYiXj1McLFSuJTmDN6MPvCPFcvg9newlEhaYLQPltadGFkGMCfWX99+CIG/PtZPiOdyY7VPUWpdCBKHx3zE8L2iKs8uH1pi4EQRQVCq1onbgYZ6kg5LDrxeqfP0V/2U5tejG0eXrmHQO0VodDRxA3AFZrgMI2YeYJFIRYVTW7sY/oDTMGL daskain@daskain\n"
            },
            "name": "k8s-0",
            "network_acceleration_type": "standard",
            "network_interface": [
              {
                "dns_record": [],
                "index": 0,
                "ip_address": "10.244.0.17",
                "ipv4": true,
                "ipv6": false,
                "ipv6_address": "",
                "ipv6_dns_record": [],
                "mac_address": "d0:0d:ce:e8:39:ac",
                "nat": true,
                "nat_dns_record": [],
                "nat_ip_address": "51.250.64.5",
                "nat_ip_version": "IPV4",
                "security_group_ids": [],
                "subnet_id": "e9boebo2sl0gdiv0b637"
              }
            ],
            "placement_policy": [
              {
                "host_affinity_rules": [],
                "placement_group_id": ""
              }
            ],
            "platform_id": "standard-v1",
            "resources": [
              {
                "core_fraction": 100,
                "cores": 4,
                "gpus": 0,
                "memory": 4
              }
            ],
            "scheduling_policy": [
              {
                "preemptible": false
              }
            ],
            "secondary_disk": [],
            "service_account_id": "",
            "status": "running",
            "timeouts": null,
            "zone": "ru-central1-a"
          },
          "private": "eyJlMmJmYjczMC1lY2FhLTExZTYtOGY4OC0zNDM2M2JjN2M0YzAiOnsiY3JlYXRlIjozMDAwMDAwMDAwMDAsImRlbGV0ZSI6MzAwMDAwMDAwMDAwLCJ1cGRhdGUiOjMwMDAwMDAwMDAwMH0sInNjaGVtYV92ZXJzaW9uIjoiMSJ9",
          "dependencies": [
            "data.yandex_compute_image.ubuntu-image",
            "yandex_vpc_network.k8s-net",
            "yandex_vpc_subnet.k8s-subnet"
          ]
        },
        {
          "index_key": 1,
          "schema_version": 1,
          "attributes": {
            "allow_recreate": null,
            "allow_stopping_for_update": null,
            "boot_disk": [
              {
                "auto_delete": true,
                "device_name": "fhm30tuk0st7ru0m210m",
                "disk_id": "fhm30tuk0st7ru0m210m",
                "initialize_params": [
                  {
                    "block_size": 4096,
                    "description": "",
                    "image_id": "fd8kdq6d0p8sij7h5qe3",
                    "name": "",
                    "size": 40,
                    "snapshot_id": "",
                    "type": "network-ssd"
                  }
                ],
                "mode": "READ_WRITE"
              }
            ],
            "created_at": "2022-10-20T18:04:57Z",
            "description": "",
            "folder_id": "b1gredog3lnp4c6m5gdr",
            "fqdn": "k8s-1.ru-central1.internal",
            "hostname": "k8s-1",
            "id": "fhmcmeki3em6m739jflo",
            "labels": null,
            "local_disk": [],
            "metadata": {
              "ssh-keys": "kuber:ssh-rsa AAAAB3NzaC1yc2EAAAADAQABAAABAQDM7CqWCc9Hc1esWXCBqxDEfjRkUzPs72PjfeDnPwv5G1iKYZnSspuNJFt0kBd9MT8RHCDvV/75AC7O/Uu075P+ErbyOsgn5qbYN41W/4JGwI7+1xyoqVPKBefx0+daGo9CmWtaOFak8Vd8I3GypIrcjWnQny4as4KSWbzYiXj1McLFSuJTmDN6MPvCPFcvg9newlEhaYLQPltadGFkGMCfWX99+CIG/PtZPiOdyY7VPUWpdCBKHx3zE8L2iKs8uH1pi4EQRQVCq1onbgYZ6kg5LDrxeqfP0V/2U5tejG0eXrmHQO0VodDRxA3AFZrgMI2YeYJFIRYVTW7sY/oDTMGL daskain@daskain\n"
            },
            "name": "k8s-1",
            "network_acceleration_type": "standard",
            "network_interface": [
              {
                "dns_record": [],
                "index": 0,
                "ip_address": "10.244.0.28",
                "ipv4": true,
                "ipv6": false,
                "ipv6_address": "",
                "ipv6_dns_record": [],
                "mac_address": "d0:0d:cb:3a:92:1b",
                "nat": true,
                "nat_dns_record": [],
                "nat_ip_address": "62.84.114.97",
                "nat_ip_version": "IPV4",
                "security_group_ids": [],
                "subnet_id": "e9boebo2sl0gdiv0b637"
              }
            ],
            "placement_policy": [
              {
                "host_affinity_rules": [],
                "placement_group_id": ""
              }
            ],
            "platform_id": "standard-v1",
            "resources": [
              {
                "core_fraction": 100,
                "cores": 4,
                "gpus": 0,
                "memory": 4
              }
            ],
            "scheduling_policy": [
              {
                "preemptible": false
              }
            ],
            "secondary_disk": [],
            "service_account_id": "",
            "status": "running",
            "timeouts": null,
            "zone": "ru-central1-a"
          },
          "private": "eyJlMmJmYjczMC1lY2FhLTExZTYtOGY4OC0zNDM2M2JjN2M0YzAiOnsiY3JlYXRlIjozMDAwMDAwMDAwMDAsImRlbGV0ZSI6MzAwMDAwMDAwMDAwLCJ1cGRhdGUiOjMwMDAwMDAwMDAwMH0sInNjaGVtYV92ZXJzaW9uIjoiMSJ9",
          "dependencies": [
            "data.yandex_compute_image.ubuntu-image",
            "yandex_vpc_network.k8s-net",
            "yandex_vpc_subnet.k8s-subnet"
          ]
        },
        {
          "index_key": 2,
          "schema_version": 1,
          "attributes": {
            "allow_recreate": null,
            "allow_stopping_for_update": null,
            "boot_disk": [
              {
                "auto_delete": true,
                "device_name": "fhmibv0uta6php9vn9lu",
                "disk_id": "fhmibv0uta6php9vn9lu",
                "initialize_params": [
                  {
                    "block_size": 4096,
                    "description": "",
                    "image_id": "fd8kdq6d0p8sij7h5qe3",
                    "name": "",
                    "size": 40,
                    "snapshot_id": "",
                    "type": "network-ssd"
                  }
                ],
                "mode": "READ_WRITE"
              }
            ],
            "created_at": "2022-10-20T18:04:57Z",
            "description": "",
            "folder_id": "b1gredog3lnp4c6m5gdr",
            "fqdn": "k8s-2.ru-central1.internal",
            "hostname": "k8s-2",
            "id": "fhm3p0904s5t41v9v1h7",
            "labels": null,
            "local_disk": [],
            "metadata": {
              "ssh-keys": "kuber:ssh-rsa AAAAB3NzaC1yc2EAAAADAQABAAABAQDM7CqWCc9Hc1esWXCBqxDEfjRkUzPs72PjfeDnPwv5G1iKYZnSspuNJFt0kBd9MT8RHCDvV/75AC7O/Uu075P+ErbyOsgn5qbYN41W/4JGwI7+1xyoqVPKBefx0+daGo9CmWtaOFak8Vd8I3GypIrcjWnQny4as4KSWbzYiXj1McLFSuJTmDN6MPvCPFcvg9newlEhaYLQPltadGFkGMCfWX99+CIG/PtZPiOdyY7VPUWpdCBKHx3zE8L2iKs8uH1pi4EQRQVCq1onbgYZ6kg5LDrxeqfP0V/2U5tejG0eXrmHQO0VodDRxA3AFZrgMI2YeYJFIRYVTW7sY/oDTMGL daskain@daskain\n"
            },
            "name": "k8s-2",
            "network_acceleration_type": "standard",
            "network_interface": [
              {
                "dns_record": [],
                "index": 0,
                "ip_address": "10.244.0.23",
                "ipv4": true,
                "ipv6": false,
                "ipv6_address": "",
                "ipv6_dns_record": [],
                "mac_address": "d0:0d:3c:81:20:27",
                "nat": true,
                "nat_dns_record": [],
                "nat_ip_address": "51.250.80.66",
                "nat_ip_version": "IPV4",
                "security_group_ids": [],
                "subnet_id": "e9boebo2sl0gdiv0b637"
              }
            ],
            "placement_policy": [
              {
                "host_affinity_rules": [],
                "placement_group_id": ""
              }
            ],
            "platform_id": "standard-v1",
            "resources": [
              {
                "core_fraction": 100,
                "cores": 4,
                "gpus": 0,
                "memory": 4
              }
            ],
            "scheduling_policy": [
              {
                "preemptible": false
              }
            ],
            "secondary_disk": [],
            "service_account_id": "",
            "status": "running",
            "timeouts": null,
            "zone": "ru-central1-a"
          },
          "private": "eyJlMmJmYjczMC1lY2FhLTExZTYtOGY4OC0zNDM2M2JjN2M0YzAiOnsiY3JlYXRlIjozMDAwMDAwMDAwMDAsImRlbGV0ZSI6MzAwMDAwMDAwMDAwLCJ1cGRhdGUiOjMwMDAwMDAwMDAwMH0sInNjaGVtYV92ZXJzaW9uIjoiMSJ9",
          "dependencies": [
            "data.yandex_compute_image.ubuntu-image",
            "yandex_vpc_network.k8s-net",
            "yandex_vpc_subnet.k8s-subnet"
          ]
        }
      ]
    },
    {
      "mode": "managed",
      "type": "yandex_vpc_network",
      "name": "k8s-net",
      "provider": "provider[\"registry.terraform.io/yandex-cloud/yandex\"]",
      "instances": [
        {
          "schema_version": 0,
          "attributes": {
            "created_at": "2022-10-20T18:04:55Z",
            "default_security_group_id": "",
            "description": "",
            "folder_id": "b1gredog3lnp4c6m5gdr",
            "id": "enpdf8m25uqkj6oq4b0q",
            "labels": {},
            "name": "k8s-network",
            "subnet_ids": [],
            "timeouts": null
          },
          "private": "eyJlMmJmYjczMC1lY2FhLTExZTYtOGY4OC0zNDM2M2JjN2M0YzAiOnsiY3JlYXRlIjo2MDAwMDAwMDAwMCwiZGVsZXRlIjo2MDAwMDAwMDAwMCwidXBkYXRlIjo2MDAwMDAwMDAwMH19"
        }
      ]
    },
    {
      "mode": "managed",
      "type": "yandex_vpc_subnet",
      "name": "k8s-subnet",
      "provider": "provider[\"registry.terraform.io/yandex-cloud/yandex\"]",
      "instances": [
        {
          "schema_version": 0,
          "attributes": {
            "created_at": "2022-10-20T18:04:56Z",
            "description": "",
            "dhcp_options": [],
            "folder_id": "b1gredog3lnp4c6m5gdr",
            "id": "e9boebo2sl0gdiv0b637",
            "labels": {},
            "name": "k8s-subnet1",
            "network_id": "enpdf8m25uqkj6oq4b0q",
            "route_table_id": "",
            "timeouts": null,
            "v4_cidr_blocks": [
              "10.244.0.0/16"
            ],
            "v6_cidr_blocks": [],
            "zone": "ru-central1-a"
          },
          "private": "eyJlMmJmYjczMC1lY2FhLTExZTYtOGY4OC0zNDM2M2JjN2M0YzAiOnsiY3JlYXRlIjoxODAwMDAwMDAwMDAsImRlbGV0ZSI6MTgwMDAwMDAwMDAwLCJ1cGRhdGUiOjE4MDAwMDAwMDAwMH19",
          "dependencies": [
            "yandex_vpc_network.k8s-net"
          ]
        }
      ]
    }
  ]
}
